
Microsoft Visual Studio Solution File, Format Version 12.00
Project("{FAE04EC0-301F-11D3-BF4B-00C04F79EFBC}") = "Coupon", "Coupon\Coupon.csproj", "{342D1E83-FFA1-4308-A3B3-F5C47B51210B}"
EndProject
Global
	GlobalSection(SolutionConfigurationPlatforms) = preSolution
		Debug|Any CPU = Debug|Any CPU
		Release|Any CPU = Release|Any CPU
	EndGlobalSection
	GlobalSection(ProjectConfigurationPlatforms) = postSolution
		{342D1E83-FFA1-4308-A3B3-F5C47B51210B}.Debug|Any CPU.ActiveCfg = Debug|Any CPU
		{342D1E83-FFA1-4308-A3B3-F5C47B51210B}.Debug|Any CPU.Build.0 = Debug|Any CPU
		{342D1E83-FFA1-4308-A3B3-F5C47B51210B}.Release|Any CPU.ActiveCfg = Release|Any CPU
		{342D1E83-FFA1-4308-A3B3-F5C47B51210B}.Release|Any CPU.Build.0 = Release|Any CPU
	EndGlobalSection
EndGlobal
